// !$*UTF8*$!
{
	archiveVersion = 1;
	classes = {
	};
	objectVersion = 56;
	objects = {

/* Begin PBXBuildFile section */
		001 /* TaskFlowApp.swift in Sources */ = {isa = PBXBuildFile; fileRef = 101; };
		002 /* ContentView.swift in Sources */ = {isa = PBXBuildFile; fileRef = 102; };
		003 /* Assets.xcassets in Resources */ = {isa = PBXBuildFile; fileRef = 103; };
		004 /* TaskModel.swift in Sources */ = {isa = PBXBuildFile; fileRef = 104; };
		005 /* EventModel.swift in Sources */ = {isa = PBXBuildFile; fileRef = 105; };
		006 /* CategoryModel.swift in Sources */ = {isa = PBXBuildFile; fileRef = 106; };
		007 /* DataController.swift in Sources */ = {isa = PBXBuildFile; fileRef = 107; };
		008 /* TaskViewModel.swift in Sources */ = {isa = PBXBuildFile; fileRef = 108; };
		009 /* EventViewModel.swift in Sources */ = {isa = PBXBuildFile; fileRef = 109; };
		010 /* HomeView.swift in Sources */ = {isa = PBXBuildFile; fileRef = 110; };
		011 /* TaskListView.swift in Sources */ = {isa = PBXBuildFile; fileRef = 111; };
		012 /* CalendarView.swift in Sources */ = {isa = PBXBuildFile; fileRef = 112; };
		013 /* AddTaskView.swift in Sources */ = {isa = PBXBuildFile; fileRef = 113; };
		014 /* AddEventView.swift in Sources */ = {isa = PBXBuildFile; fileRef = 114; };
		015 /* GmailService.swift in Sources */ = {isa = PBXBuildFile; fileRef = 115; };
		016 /* OutlookService.swift in Sources */ = {isa = PBXBuildFile; fileRef = 116; };
		017 /* IntegrationManager.swift in Sources */ = {isa = PBXBuildFile; fileRef = 117; };
		018 /* TaskFlow.xcdatamodeld in Sources */ = {isa = PBXBuildFile; fileRef = 118; };
/* End PBXBuildFile section */

/* Begin PBXFileReference section */
		100 /* TaskFlow.app */ = {isa = PBXFileReference; explicitFileType = wrapper.application; includeInIndex = 0; path = TaskFlow.app; sourceTree = BUILT_PRODUCTS_DIR; };
		101 /* TaskFlowApp.swift */ = {isa = PBXFileReference; lastKnownFileType = sourcecode.swift; path = TaskFlowApp.swift; sourceTree = "<group>"; };
		102 /* ContentView.swift */ = {isa = PBXFileReference; lastKnownFileType = sourcecode.swift; path = ContentView.swift; sourceTree = "<group>"; };
		103 /* Assets.xcassets */ = {isa = PBXFileReference; lastKnownFileType = folder.assetcatalog; path = Assets.xcassets; sourceTree = "<group>"; };
		104 /* TaskModel.swift */ = {isa = PBXFileReference; lastKnownFileType = sourcecode.swift; path = TaskModel.swift; sourceTree = "<group>"; };
		105 /* EventModel.swift */ = {isa = PBXFileReference; lastKnownFileType = sourcecode.swift; path = EventModel.swift; sourceTree = "<group>"; };
		106 /* CategoryModel.swift */ = {isa = PBXFileReference; lastKnownFileType = sourcecode.swift; path = CategoryModel.swift; sourceTree = "<group>"; };
		107 /* DataController.swift */ = {isa = PBXFileReference; lastKnownFileType = sourcecode.swift; path = DataController.swift; sourceTree = "<group>"; };
		108 /* TaskViewModel.swift */ = {isa = PBXFileReference; lastKnownFileType = sourcecode.swift; path = TaskViewModel.swift; sourceTree = "<group>"; };
		109 /* EventViewModel.swift */ = {isa = PBXFileReference; lastKnownFileType = sourcecode.swift; path = EventViewModel.swift; sourceTree = "<group>"; };
		110 /* HomeView.swift */ = {isa = PBXFileReference; lastKnownFileType = sourcecode.swift; path = HomeView.swift; sourceTree = "<group>"; };
		111 /* TaskListView.swift */ = {isa = PBXFileReference; lastKnownFileType = sourcecode.swift; path = TaskListView.swift; sourceTree = "<group>"; };
		112 /* CalendarView.swift */ = {isa = PBXFileReference; lastKnownFileType = sourcecode.swift; path = CalendarView.swift; sourceTree = "<group>"; };
		113 /* AddTaskView.swift */ = {isa = PBXFileReference; lastKnownFileType = sourcecode.swift; path = AddTaskView.swift; sourceTree = "<group>"; };
		114 /* AddEventView.swift */ = {isa = PBXFileReference; lastKnownFileType = sourcecode.swift; path = AddEventView.swift; sourceTree = "<group>"; };
		115 /* GmailService.swift */ = {isa = PBXFileReference; lastKnownFileType = sourcecode.swift; path = GmailService.swift; sourceTree = "<group>"; };
		116 /* OutlookService.swift */ = {isa = PBXFileReference; lastKnownFileType = sourcecode.swift; path = OutlookService.swift; sourceTree = "<group>"; };
		117 /* IntegrationManager.swift */ = {isa = PBXFileReference; lastKnownFileType = sourcecode.swift; path = IntegrationManager.swift; sourceTree = "<group>"; };
		118 /* TaskFlow.xcdatamodeld */ = {isa = PBXFileReference; lastKnownFileType = wrapper.xcdatamodel; path = TaskFlow.xcdatamodeld; sourceTree = "<group>"; };
/* End PBXFileReference section */

/* Begin PBXGroup section */
		200 = {
			isa = PBXGroup;
			children = (
				201 /* TaskFlow */,
				100 /* TaskFlow.app */,
			);
			sourceTree = "<group>";
		};
		201 /* TaskFlow */ = {
			isa = PBXGroup;
			children = (
				101 /* TaskFlowApp.swift */,
				102 /* ContentView.swift */,
				202 /* Models */,
				203 /* Views */,
				204 /* ViewModels */,
				205 /* Services */,
				103 /* Assets.xcassets */,
				118 /* TaskFlow.xcdatamodeld */,
			);
			path = TaskFlow;
			sourceTree = "<group>";
		};
		202 /* Models */ = {
			isa = PBXGroup;
			children = (
				104 /* TaskModel.swift */,
				105 /* EventModel.swift */,
				106 /* CategoryModel.swift */,
			);
			path = Models;
			sourceTree = "<group>";
		};
		203 /* Views */ = {
			isa = PBXGroup;
			children = (
				110 /* HomeView.swift */,
				111 /* TaskListView.swift */,
				112 /* CalendarView.swift */,
				113 /* AddTaskView.swift */,
				114 /* AddEventView.swift */,
			);
			path = Views;
			sourceTree = "<group>";
		};
		204 /* ViewModels */ = {
			isa = PBXGroup;
			children = (
				107 /* DataController.swift */,
				108 /* TaskViewModel.swift */,
				109 /* EventViewModel.swift */,
			);
			path = ViewModels;
			sourceTree = "<group>";
		};
		205 /* Services */ = {
			isa = PBXGroup;
			children = (
				115 /* GmailService.swift */,
				116 /* OutlookService.swift */,
				117 /* IntegrationManager.swift */,
			);
			path = Services;
			sourceTree = "<group>";
		};
/* End PBXGroup section */

/* Begin PBXNativeTarget section */
		300 /* TaskFlow */ = {
			isa = PBXNativeTarget;
			buildConfigurationList = 400;
			buildPhases = (
				301 /* Sources */,
				302 /* Resources */,
			);
			buildRules = (
			);
			dependencies = (
			);
			name = TaskFlow;
			productName = TaskFlow;
			productReference = 100 /* TaskFlow.app */;
			productType = "com.apple.product-type.application";
		};
/* End PBXNativeTarget section */

/* Begin PBXProject section */
		500 /* Project object */ = {
			isa = PBXProject;
			attributes = {
				BuildIndependentTargetsInParallel = 1;
				LastSwiftUpdateCheck = 1500;
				LastUpgradeCheck = 1500;
				TargetAttributes = {
					300 = {
						CreatedOnToolsVersion = 15.0;
					};
				};
			};
			buildConfigurationList = 501;
			compatibilityVersion = "Xcode 14.0";
			developmentRegion = en;
			hasScannedForEncodings = 0;
			knownRegions = (
				en,
				Base,
				nl,
			);
			mainGroup = 200;
			productRefGroup = 200;
			projectDirPath = "";
			projectRoot = "";
			targets = (
				300 /* TaskFlow */,
			);
		};
/* End PBXProject section */

/* Begin PBXSourcesBuildPhase section */
		301 /* Sources */ = {
			isa = PBXSourcesBuildPhase;
			buildActionMask = 2147483647;
			files = (
				001,
				002,
				004,
				005,
				006,
				007,
				008,
				009,
				010,
				011,
				012,
				013,
				014,
				015,
				016,
				017,
				018,
			);
			runOnlyForDeploymentPostprocessing = 0;
		};
/* End PBXSourcesBuildPhase section */

/* Begin PBXResourcesBuildPhase section */
		302 /* Resources */ = {
			isa = PBXResourcesBuildPhase;
			buildActionMask = 2147483647;
			files = (
				003,
			);
			runOnlyForDeploymentPostprocessing = 0;
		};
/* End PBXResourcesBuildPhase section */

/* Begin XCBuildConfiguration section */
		600 /* Debug */ = {
			isa = XCBuildConfiguration;
			buildSettings = {
				ALWAYS_SEARCH_USER_PATHS = NO;
				CLANG_ANALYZER_NONNULL = YES;
				CLANG_ENABLE_MODULES = YES;
				CLANG_ENABLE_OBJC_ARC = YES;
				CODE_SIGN_STYLE = Automatic;
				COPY_PHASE_STRIP = NO;
				DEBUG_INFORMATION_FORMAT = dwarf;
				ENABLE_STRICT_OBJC_MSGSEND = YES;
				ENABLE_TESTABILITY = YES;
				GCC_DYNAMIC_NO_PIC = NO;
				GCC_OPTIMIZATION_LEVEL = 0;
				GCC_PREPROCESSOR_DEFINITIONS = (
					"DEBUG=1",
					"$(inherited)",
				);
				IPHONEOS_DEPLOYMENT_TARGET = 17.0;
				MTL_ENABLE_DEBUG_INFO = INCLUDE_SOURCE;
				ONLY_ACTIVE_ARCH = YES;
				SDKROOT = iphoneos;
				SWIFT_ACTIVE_COMPILATION_CONDITIONS = DEBUG;
				SWIFT_OPTIMIZATION_LEVEL = "-Onone";
			};
			name = Debug;
		};
		601 /* Release */ = {
			isa = XCBuildConfiguration;
			buildSettings = {
				ALWAYS_SEARCH_USER_PATHS = NO;
				CLANG_ANALYZER_NONNULL = YES;
				CLANG_ENABLE_MODULES = YES;
				CLANG_ENABLE_OBJC_ARC = YES;
				CODE_SIGN_STYLE = Automatic;
				COPY_PHASE_STRIP = NO;
				DEBUG_INFORMATION_FORMAT = "dwarf-with-dsym";
				ENABLE_NS_ASSERTIONS = NO;
				ENABLE_STRICT_OBJC_MSGSEND = YES;
				IPHONEOS_DEPLOYMENT_TARGET = 17.0;
				MTL_ENABLE_DEBUG_INFO = NO;
				SDKROOT = iphoneos;
				SWIFT_COMPILATION_MODE = wholemodule;
				SWIFT_OPTIMIZATION_LEVEL = "-O";
				VALIDATE_PRODUCT = YES;
			};
			name = Release;
		};
		602 /* Debug */ = {
			isa = XCBuildConfiguration;
			buildSettings = {
				ASSETCATALOG_COMPILER_APPICON_NAME = AppIcon;
				ASSETCATALOG_COMPILER_GLOBAL_ACCENT_COLOR_NAME = AccentColor;
				CODE_SIGN_STYLE = Automatic;
				CURRENT_PROJECT_VERSION = 1;
				DEVELOPMENT_TEAM = "";
				GENERATE_INFOPLIST_FILE = YES;
				INFOPLIST_KEY_UIApplicationSceneManifest_Generation = YES;
				INFOPLIST_KEY_UIApplicationSupportsIndirectInputEvents = YES;
				INFOPLIST_KEY_UILaunchScreen_Generation = YES;
				INFOPLIST_KEY_UISupportedInterfaceOrientations_iPad = "UIInterfaceOrientationPortrait UIInterfaceOrientationPortraitUpsideDown UIInterfaceOrientationLandscapeLeft UIInterfaceOrientationLandscapeRight";
				INFOPLIST_KEY_UISupportedInterfaceOrientations_iPhone = "UIInterfaceOrientationPortrait UIInterfaceOrientationLandscapeLeft UIInterfaceOrientationLandscapeRight";
				LD_RUNPATH_SEARCH_PATHS = (
					"$(inherited)",
					"@executable_path/Frameworks",
				);
				MARKETING_VERSION = 1.0;
				PRODUCT_BUNDLE_IDENTIFIER = com.taskflow.app;
				PRODUCT_NAME = "$(TARGET_NAME)";
				SWIFT_EMIT_LOC_STRINGS = YES;
				SWIFT_VERSION = 5.0;
				TARGETED_DEVICE_FAMILY = "1,2";
			};
			name = Debug;
		};
		603 /* Release */ = {
			isa = XCBuildConfiguration;
			buildSettings = {
				ASSETCATALOG_COMPILER_APPICON_NAME = AppIcon;
				ASSETCATALOG_COMPILER_GLOBAL_ACCENT_COLOR_NAME = AccentColor;
				CODE_SIGN_STYLE = Automatic;
				CURRENT_PROJECT_VERSION = 1;
				DEVELOPMENT_TEAM = "";
				GENERATE_INFOPLIST_FILE = YES;
				INFOPLIST_KEY_UIApplicationSceneManifest_Generation = YES;
				INFOPLIST_KEY_UIApplicationSupportsIndirectInputEvents = YES;
				INFOPLIST_KEY_UILaunchScreen_Generation = YES;
				INFOPLIST_KEY_UISupportedInterfaceOrientations_iPad = "UIInterfaceOrientationPortrait UIInterfaceOrientationPortraitUpsideDown UIInterfaceOrientationLandscapeLeft UIInterfaceOrientationLandscapeRight";
				INFOPLIST_KEY_UISupportedInterfaceOrientations_iPhone = "UIInterfaceOrientationPortrait UIInterfaceOrientationLandscapeLeft UIInterfaceOrientationLandscapeRight";
				LD_RUNPATH_SEARCH_PATHS = (
					"$(inherited)",
					"@executable_path/Frameworks",
				);
				MARKETING_VERSION = 1.0;
				PRODUCT_BUNDLE_IDENTIFIER = com.taskflow.app;
				PRODUCT_NAME = "$(TARGET_NAME)";
				SWIFT_EMIT_LOC_STRINGS = YES;
				SWIFT_VERSION = 5.0;
				TARGETED_DEVICE_FAMILY = "1,2";
			};
			name = Release;
		};
/* End XCBuildConfiguration section */

/* Begin XCConfigurationList section */
		400 /* Build configuration list for PBXNativeTarget "TaskFlow" */ = {
			isa = XCConfigurationList;
			buildConfigurations = (
				602 /* Debug */,
				603 /* Release */,
			);
			defaultConfigurationIsVisible = 0;
			defaultConfigurationName = Release;
		};
		501 /* Build configuration list for PBXProject "TaskFlow" */ = {
			isa = XCConfigurationList;
			buildConfigurations = (
				600 /* Debug */,
				601 /* Release */,
			);
			defaultConfigurationIsVisible = 0;
			defaultConfigurationName = Release;
		};
/* End XCConfigurationList section */
	};
	rootObject = 500 /* Project object */;
}
